// !$*UTF8*$!
{
	archiveVersion = 1;
	classes = {
	};
	objectVersion = 46;
	objects = {

/* Begin PBXBuildFile section */
		B19C50B419ABC95E003B2C11 /* Foundation.framework in Frameworks */ = {isa = PBXBuildFile; fileRef = B19C50B319ABC95E003B2C11 /* Foundation.framework */; };
		B19C50B619ABC95E003B2C11 /* CoreGraphics.framework in Frameworks */ = {isa = PBXBuildFile; fileRef = B19C50B519ABC95E003B2C11 /* CoreGraphics.framework */; };
		B19C50B819ABC95E003B2C11 /* UIKit.framework in Frameworks */ = {isa = PBXBuildFile; fileRef = B19C50B719ABC95E003B2C11 /* UIKit.framework */; };
		B19C50BE19ABC95E003B2C11 /* InfoPlist.strings in Resources */ = {isa = PBXBuildFile; fileRef = B19C50BC19ABC95E003B2C11 /* InfoPlist.strings */; };
		B19C50C019ABC95E003B2C11 /* main.m in Sources */ = {isa = PBXBuildFile; fileRef = B19C50BF19ABC95E003B2C11 /* main.m */; };
		B19C50C419ABC95E003B2C11 /* PNAppDelegate.m in Sources */ = {isa = PBXBuildFile; fileRef = B19C50C319ABC95E003B2C11 /* PNAppDelegate.m */; };
		B19C50C719ABC95E003B2C11 /* Main.storyboard in Resources */ = {isa = PBXBuildFile; fileRef = B19C50C519ABC95E003B2C11 /* Main.storyboard */; };
		B19C50CA19ABC95E003B2C11 /* PNViewController.m in Sources */ = {isa = PBXBuildFile; fileRef = B19C50C919ABC95E003B2C11 /* PNViewController.m */; };
		B19C50CC19ABC95E003B2C11 /* Images.xcassets in Resources */ = {isa = PBXBuildFile; fileRef = B19C50CB19ABC95E003B2C11 /* Images.xcassets */; };
		B19C50D319ABC95E003B2C11 /* XCTest.framework in Frameworks */ = {isa = PBXBuildFile; fileRef = B19C50D219ABC95E003B2C11 /* XCTest.framework */; };
		B19C50D419ABC95E003B2C11 /* Foundation.framework in Frameworks */ = {isa = PBXBuildFile; fileRef = B19C50B319ABC95E003B2C11 /* Foundation.framework */; };
		B19C50D519ABC95E003B2C11 /* UIKit.framework in Frameworks */ = {isa = PBXBuildFile; fileRef = B19C50B719ABC95E003B2C11 /* UIKit.framework */; };
		B19C50DD19ABC95E003B2C11 /* InfoPlist.strings in Resources */ = {isa = PBXBuildFile; fileRef = B19C50DB19ABC95E003B2C11 /* InfoPlist.strings */; };
		B19C50DF19ABC95E003B2C11 /* PNRadialMenuTests.m in Sources */ = {isa = PBXBuildFile; fileRef = B19C50DE19ABC95E003B2C11 /* PNRadialMenuTests.m */; };
		B1BE3C1019AE6B05009A3776 /* PNRadialMenu.m in Sources */ = {isa = PBXBuildFile; fileRef = B1BE3C0F19AE6B05009A3776 /* PNRadialMenu.m */; };
		B1BE3C1619AE6EAD009A3776 /* UIView+Drawing.m in Sources */ = {isa = PBXBuildFile; fileRef = B1BE3C1519AE6EAD009A3776 /* UIView+Drawing.m */; };
		B1C4910E19ABCA39008560EE /* PNRadialMenuMainButton.m in Sources */ = {isa = PBXBuildFile; fileRef = B1C4910D19ABCA39008560EE /* PNRadialMenuMainButton.m */; };
		B1C4911119ABE882008560EE /* PNRadialMenuButton.m in Sources */ = {isa = PBXBuildFile; fileRef = B1C4911019ABE882008560EE /* PNRadialMenuButton.m */; };
/* End PBXBuildFile section */

/* Begin PBXContainerItemProxy section */
		B19C50D619ABC95E003B2C11 /* PBXContainerItemProxy */ = {
			isa = PBXContainerItemProxy;
			containerPortal = B19C50A819ABC95E003B2C11 /* Project object */;
			proxyType = 1;
			remoteGlobalIDString = B19C50AF19ABC95E003B2C11;
			remoteInfo = PNRadialMenu;
		};
/* End PBXContainerItemProxy section */

/* Begin PBXFileReference section */
		B19C50B019ABC95E003B2C11 /* PNRadialMenu.app */ = {isa = PBXFileReference; explicitFileType = wrapper.application; includeInIndex = 0; path = PNRadialMenu.app; sourceTree = BUILT_PRODUCTS_DIR; };
		B19C50B319ABC95E003B2C11 /* Foundation.framework */ = {isa = PBXFileReference; lastKnownFileType = wrapper.framework; name = Foundation.framework; path = System/Library/Frameworks/Foundation.framework; sourceTree = SDKROOT; };
		B19C50B519ABC95E003B2C11 /* CoreGraphics.framework */ = {isa = PBXFileReference; lastKnownFileType = wrapper.framework; name = CoreGraphics.framework; path = System/Library/Frameworks/CoreGraphics.framework; sourceTree = SDKROOT; };
		B19C50B719ABC95E003B2C11 /* UIKit.framework */ = {isa = PBXFileReference; lastKnownFileType = wrapper.framework; name = UIKit.framework; path = System/Library/Frameworks/UIKit.framework; sourceTree = SDKROOT; };
		B19C50BB19ABC95E003B2C11 /* PNRadialMenu-Info.plist */ = {isa = PBXFileReference; lastKnownFileType = text.plist.xml; path = "PNRadialMenu-Info.plist"; sourceTree = "<group>"; };
		B19C50BD19ABC95E003B2C11 /* en */ = {isa = PBXFileReference; lastKnownFileType = text.plist.strings; name = en; path = en.lproj/InfoPlist.strings; sourceTree = "<group>"; };
		B19C50BF19ABC95E003B2C11 /* main.m */ = {isa = PBXFileReference; lastKnownFileType = sourcecode.c.objc; path = main.m; sourceTree = "<group>"; };
		B19C50C119ABC95E003B2C11 /* PNRadialMenu-Prefix.pch */ = {isa = PBXFileReference; lastKnownFileType = sourcecode.c.h; path = "PNRadialMenu-Prefix.pch"; sourceTree = "<group>"; };
		B19C50C219ABC95E003B2C11 /* PNAppDelegate.h */ = {isa = PBXFileReference; lastKnownFileType = sourcecode.c.h; path = PNAppDelegate.h; sourceTree = "<group>"; };
		B19C50C319ABC95E003B2C11 /* PNAppDelegate.m */ = {isa = PBXFileReference; lastKnownFileType = sourcecode.c.objc; path = PNAppDelegate.m; sourceTree = "<group>"; };
		B19C50C619ABC95E003B2C11 /* Base */ = {isa = PBXFileReference; lastKnownFileType = file.storyboard; name = Base; path = Base.lproj/Main.storyboard; sourceTree = "<group>"; };
		B19C50C819ABC95E003B2C11 /* PNViewController.h */ = {isa = PBXFileReference; lastKnownFileType = sourcecode.c.h; path = PNViewController.h; sourceTree = "<group>"; };
		B19C50C919ABC95E003B2C11 /* PNViewController.m */ = {isa = PBXFileReference; lastKnownFileType = sourcecode.c.objc; path = PNViewController.m; sourceTree = "<group>"; };
		B19C50CB19ABC95E003B2C11 /* Images.xcassets */ = {isa = PBXFileReference; lastKnownFileType = folder.assetcatalog; path = Images.xcassets; sourceTree = "<group>"; };
		B19C50D119ABC95E003B2C11 /* PNRadialMenuTests.xctest */ = {isa = PBXFileReference; explicitFileType = wrapper.cfbundle; includeInIndex = 0; path = PNRadialMenuTests.xctest; sourceTree = BUILT_PRODUCTS_DIR; };
		B19C50D219ABC95E003B2C11 /* XCTest.framework */ = {isa = PBXFileReference; lastKnownFileType = wrapper.framework; name = XCTest.framework; path = Library/Frameworks/XCTest.framework; sourceTree = DEVELOPER_DIR; };
		B19C50DA19ABC95E003B2C11 /* PNRadialMenuTests-Info.plist */ = {isa = PBXFileReference; lastKnownFileType = text.plist.xml; path = "PNRadialMenuTests-Info.plist"; sourceTree = "<group>"; };
		B19C50DC19ABC95E003B2C11 /* en */ = {isa = PBXFileReference; lastKnownFileType = text.plist.strings; name = en; path = en.lproj/InfoPlist.strings; sourceTree = "<group>"; };
		B19C50DE19ABC95E003B2C11 /* PNRadialMenuTests.m */ = {isa = PBXFileReference; lastKnownFileType = sourcecode.c.objc; path = PNRadialMenuTests.m; sourceTree = "<group>"; };
		B1BE3C0E19AE6B05009A3776 /* PNRadialMenu.h */ = {isa = PBXFileReference; fileEncoding = 4; lastKnownFileType = sourcecode.c.h; path = PNRadialMenu.h; sourceTree = "<group>"; };
		B1BE3C0F19AE6B05009A3776 /* PNRadialMenu.m */ = {isa = PBXFileReference; fileEncoding = 4; lastKnownFileType = sourcecode.c.objc; path = PNRadialMenu.m; sourceTree = "<group>"; };
		B1BE3C1419AE6EAD009A3776 /* UIView+Drawing.h */ = {isa = PBXFileReference; fileEncoding = 4; lastKnownFileType = sourcecode.c.h; path = "UIView+Drawing.h"; sourceTree = "<group>"; };
		B1BE3C1519AE6EAD009A3776 /* UIView+Drawing.m */ = {isa = PBXFileReference; fileEncoding = 4; lastKnownFileType = sourcecode.c.objc; path = "UIView+Drawing.m"; sourceTree = "<group>"; };
		B1C4910C19ABCA39008560EE /* PNRadialMenuMainButton.h */ = {isa = PBXFileReference; fileEncoding = 4; lastKnownFileType = sourcecode.c.h; path = PNRadialMenuMainButton.h; sourceTree = "<group>"; };
		B1C4910D19ABCA39008560EE /* PNRadialMenuMainButton.m */ = {isa = PBXFileReference; fileEncoding = 4; lastKnownFileType = sourcecode.c.objc; path = PNRadialMenuMainButton.m; sourceTree = "<group>"; };
		B1C4910F19ABE882008560EE /* PNRadialMenuButton.h */ = {isa = PBXFileReference; fileEncoding = 4; lastKnownFileType = sourcecode.c.h; path = PNRadialMenuButton.h; sourceTree = "<group>"; };
		B1C4911019ABE882008560EE /* PNRadialMenuButton.m */ = {isa = PBXFileReference; fileEncoding = 4; lastKnownFileType = sourcecode.c.objc; path = PNRadialMenuButton.m; sourceTree = "<group>"; };
/* End PBXFileReference section */

/* Begin PBXFrameworksBuildPhase section */
		B19C50AD19ABC95E003B2C11 /* Frameworks */ = {
			isa = PBXFrameworksBuildPhase;
			buildActionMask = 2147483647;
			files = (
				B19C50B619ABC95E003B2C11 /* CoreGraphics.framework in Frameworks */,
				B19C50B819ABC95E003B2C11 /* UIKit.framework in Frameworks */,
				B19C50B419ABC95E003B2C11 /* Foundation.framework in Frameworks */,
			);
			runOnlyForDeploymentPostprocessing = 0;
		};
		B19C50CE19ABC95E003B2C11 /* Frameworks */ = {
			isa = PBXFrameworksBuildPhase;
			buildActionMask = 2147483647;
			files = (
				B19C50D319ABC95E003B2C11 /* XCTest.framework in Frameworks */,
				B19C50D519ABC95E003B2C11 /* UIKit.framework in Frameworks */,
				B19C50D419ABC95E003B2C11 /* Foundation.framework in Frameworks */,
			);
			runOnlyForDeploymentPostprocessing = 0;
		};
/* End PBXFrameworksBuildPhase section */

/* Begin PBXGroup section */
		B19C50A719ABC95E003B2C11 = {
			isa = PBXGroup;
			children = (
				B19C50B919ABC95E003B2C11 /* PNRadialMenu */,
				B19C50D819ABC95E003B2C11 /* PNRadialMenuTests */,
				B19C50B219ABC95E003B2C11 /* Frameworks */,
				B19C50B119ABC95E003B2C11 /* Products */,
			);
			sourceTree = "<group>";
		};
		B19C50B119ABC95E003B2C11 /* Products */ = {
			isa = PBXGroup;
			children = (
				B19C50B019ABC95E003B2C11 /* PNRadialMenu.app */,
				B19C50D119ABC95E003B2C11 /* PNRadialMenuTests.xctest */,
			);
			name = Products;
			sourceTree = "<group>";
		};
		B19C50B219ABC95E003B2C11 /* Frameworks */ = {
			isa = PBXGroup;
			children = (
				B19C50B319ABC95E003B2C11 /* Foundation.framework */,
				B19C50B519ABC95E003B2C11 /* CoreGraphics.framework */,
				B19C50B719ABC95E003B2C11 /* UIKit.framework */,
				B19C50D219ABC95E003B2C11 /* XCTest.framework */,
			);
			name = Frameworks;
			sourceTree = "<group>";
		};
		B19C50B919ABC95E003B2C11 /* PNRadialMenu */ = {
			isa = PBXGroup;
			children = (
				B1BE3C0E19AE6B05009A3776 /* PNRadialMenu.h */,
				B1BE3C0F19AE6B05009A3776 /* PNRadialMenu.m */,
				B19C50C219ABC95E003B2C11 /* PNAppDelegate.h */,
				B19C50C319ABC95E003B2C11 /* PNAppDelegate.m */,
				B1C4910A19ABC9E6008560EE /* View */,
				B1C4910B19ABC9EC008560EE /* Controller */,
				B19C50CB19ABC95E003B2C11 /* Images.xcassets */,
				B19C50BA19ABC95E003B2C11 /* Supporting Files */,
			);
			path = PNRadialMenu;
			sourceTree = "<group>";
		};
		B19C50BA19ABC95E003B2C11 /* Supporting Files */ = {
			isa = PBXGroup;
			children = (
				B19C50BB19ABC95E003B2C11 /* PNRadialMenu-Info.plist */,
				B19C50BC19ABC95E003B2C11 /* InfoPlist.strings */,
				B19C50BF19ABC95E003B2C11 /* main.m */,
				B19C50C119ABC95E003B2C11 /* PNRadialMenu-Prefix.pch */,
			);
			name = "Supporting Files";
			sourceTree = "<group>";
		};
		B19C50D819ABC95E003B2C11 /* PNRadialMenuTests */ = {
			isa = PBXGroup;
			children = (
				B19C50DE19ABC95E003B2C11 /* PNRadialMenuTests.m */,
				B19C50D919ABC95E003B2C11 /* Supporting Files */,
			);
			path = PNRadialMenuTests;
			sourceTree = "<group>";
		};
		B19C50D919ABC95E003B2C11 /* Supporting Files */ = {
			isa = PBXGroup;
			children = (
				B19C50DA19ABC95E003B2C11 /* PNRadialMenuTests-Info.plist */,
				B19C50DB19ABC95E003B2C11 /* InfoPlist.strings */,
			);
			name = "Supporting Files";
			sourceTree = "<group>";
		};
		B1C4910A19ABC9E6008560EE /* View */ = {
			isa = PBXGroup;
			children = (
				B19C50C519ABC95E003B2C11 /* Main.storyboard */,
				B1C4910C19ABCA39008560EE /* PNRadialMenuMainButton.h */,
				B1C4910D19ABCA39008560EE /* PNRadialMenuMainButton.m */,
				B1C4910F19ABE882008560EE /* PNRadialMenuButton.h */,
				B1C4911019ABE882008560EE /* PNRadialMenuButton.m */,
				B1BE3C1419AE6EAD009A3776 /* UIView+Drawing.h */,
				B1BE3C1519AE6EAD009A3776 /* UIView+Drawing.m */,
			);
			name = View;
			sourceTree = "<group>";
		};
		B1C4910B19ABC9EC008560EE /* Controller */ = {
			isa = PBXGroup;
			children = (
				B19C50C819ABC95E003B2C11 /* PNViewController.h */,
				B19C50C919ABC95E003B2C11 /* PNViewController.m */,
			);
			name = Controller;
			sourceTree = "<group>";
		};
/* End PBXGroup section */

/* Begin PBXNativeTarget section */
		B19C50AF19ABC95E003B2C11 /* PNRadialMenu */ = {
			isa = PBXNativeTarget;
			buildConfigurationList = B19C50E219ABC95E003B2C11 /* Build configuration list for PBXNativeTarget "PNRadialMenu" */;
			buildPhases = (
				B19C50AC19ABC95E003B2C11 /* Sources */,
				B19C50AD19ABC95E003B2C11 /* Frameworks */,
				B19C50AE19ABC95E003B2C11 /* Resources */,
			);
			buildRules = (
			);
			dependencies = (
			);
			name = PNRadialMenu;
			productName = PNRadialMenu;
			productReference = B19C50B019ABC95E003B2C11 /* PNRadialMenu.app */;
			productType = "com.apple.product-type.application";
		};
		B19C50D019ABC95E003B2C11 /* PNRadialMenuTests */ = {
			isa = PBXNativeTarget;
			buildConfigurationList = B19C50E519ABC95E003B2C11 /* Build configuration list for PBXNativeTarget "PNRadialMenuTests" */;
			buildPhases = (
				B19C50CD19ABC95E003B2C11 /* Sources */,
				B19C50CE19ABC95E003B2C11 /* Frameworks */,
				B19C50CF19ABC95E003B2C11 /* Resources */,
			);
			buildRules = (
			);
			dependencies = (
				B19C50D719ABC95E003B2C11 /* PBXTargetDependency */,
			);
			name = PNRadialMenuTests;
			productName = PNRadialMenuTests;
			productReference = B19C50D119ABC95E003B2C11 /* PNRadialMenuTests.xctest */;
			productType = "com.apple.product-type.bundle.unit-test";
		};
/* End PBXNativeTarget section */

/* Begin PBXProject section */
		B19C50A819ABC95E003B2C11 /* Project object */ = {
			isa = PBXProject;
			attributes = {
				CLASSPREFIX = PN;
				LastUpgradeCheck = 0510;
				ORGANIZATIONNAME = "Phil Nichols";
				TargetAttributes = {
					B19C50D019ABC95E003B2C11 = {
						TestTargetID = B19C50AF19ABC95E003B2C11;
					};
				};
			};
			buildConfigurationList = B19C50AB19ABC95E003B2C11 /* Build configuration list for PBXProject "PNRadialMenu" */;
			compatibilityVersion = "Xcode 3.2";
			developmentRegion = English;
			hasScannedForEncodings = 0;
			knownRegions = (
				en,
				Base,
			);
			mainGroup = B19C50A719ABC95E003B2C11;
			productRefGroup = B19C50B119ABC95E003B2C11 /* Products */;
			projectDirPath = "";
			projectRoot = "";
			targets = (
				B19C50AF19ABC95E003B2C11 /* PNRadialMenu */,
				B19C50D019ABC95E003B2C11 /* PNRadialMenuTests */,
			);
		};
/* End PBXProject section */

/* Begin PBXResourcesBuildPhase section */
		B19C50AE19ABC95E003B2C11 /* Resources */ = {
			isa = PBXResourcesBuildPhase;
			buildActionMask = 2147483647;
			files = (
				B19C50CC19ABC95E003B2C11 /* Images.xcassets in Resources */,
				B19C50BE19ABC95E003B2C11 /* InfoPlist.strings in Resources */,
				B19C50C719ABC95E003B2C11 /* Main.storyboard in Resources */,
			);
			runOnlyForDeploymentPostprocessing = 0;
		};
		B19C50CF19ABC95E003B2C11 /* Resources */ = {
			isa = PBXResourcesBuildPhase;
			buildActionMask = 2147483647;
			files = (
				B19C50DD19ABC95E003B2C11 /* InfoPlist.strings in Resources */,
			);
			runOnlyForDeploymentPostprocessing = 0;
		};
/* End PBXResourcesBuildPhase section */

/* Begin PBXSourcesBuildPhase section */
		B19C50AC19ABC95E003B2C11 /* Sources */ = {
			isa = PBXSourcesBuildPhase;
			buildActionMask = 2147483647;
			files = (
				B1C4910E19ABCA39008560EE /* PNRadialMenuMainButton.m in Sources */,
				B19C50C419ABC95E003B2C11 /* PNAppDelegate.m in Sources */,
				B1BE3C1619AE6EAD009A3776 /* UIView+Drawing.m in Sources */,
				B19C50CA19ABC95E003B2C11 /* PNViewController.m in Sources */,
				B1BE3C1019AE6B05009A3776 /* PNRadialMenu.m in Sources */,
				B19C50C019ABC95E003B2C11 /* main.m in Sources */,
				B1C4911119ABE882008560EE /* PNRadialMenuButton.m in Sources */,
			);
			runOnlyForDeploymentPostprocessing = 0;
		};
		B19C50CD19ABC95E003B2C11 /* Sources */ = {
			isa = PBXSourcesBuildPhase;
			buildActionMask = 2147483647;
			files = (
				B19C50DF19ABC95E003B2C11 /* PNRadialMenuTests.m in Sources */,
			);
			runOnlyForDeploymentPostprocessing = 0;
		};
/* End PBXSourcesBuildPhase section */

/* Begin PBXTargetDependency section */
		B19C50D719ABC95E003B2C11 /* PBXTargetDependency */ = {
			isa = PBXTargetDependency;
			target = B19C50AF19ABC95E003B2C11 /* PNRadialMenu */;
			targetProxy = B19C50D619ABC95E003B2C11 /* PBXContainerItemProxy */;
		};
/* End PBXTargetDependency section */

/* Begin PBXVariantGroup section */
		B19C50BC19ABC95E003B2C11 /* InfoPlist.strings */ = {
			isa = PBXVariantGroup;
			children = (
				B19C50BD19ABC95E003B2C11 /* en */,
			);
			name = InfoPlist.strings;
			sourceTree = "<group>";
		};
		B19C50C519ABC95E003B2C11 /* Main.storyboard */ = {
			isa = PBXVariantGroup;
			children = (
				B19C50C619ABC95E003B2C11 /* Base */,
			);
			name = Main.storyboard;
			sourceTree = "<group>";
		};
		B19C50DB19ABC95E003B2C11 /* InfoPlist.strings */ = {
			isa = PBXVariantGroup;
			children = (
				B19C50DC19ABC95E003B2C11 /* en */,
			);
			name = InfoPlist.strings;
			sourceTree = "<group>";
		};
/* End PBXVariantGroup section */

/* Begin XCBuildConfiguration section */
		B19C50E019ABC95E003B2C11 /* Debug */ = {
			isa = XCBuildConfiguration;
			buildSettings = {
				ALWAYS_SEARCH_USER_PATHS = NO;
				CLANG_CXX_LANGUAGE_STANDARD = "gnu++0x";
				CLANG_CXX_LIBRARY = "libc++";
				CLANG_ENABLE_MODULES = YES;
				CLANG_ENABLE_OBJC_ARC = YES;
				CLANG_WARN_BOOL_CONVERSION = YES;
				CLANG_WARN_CONSTANT_CONVERSION = YES;
				CLANG_WARN_DIRECT_OBJC_ISA_USAGE = YES_ERROR;
				CLANG_WARN_EMPTY_BODY = YES;
				CLANG_WARN_ENUM_CONVERSION = YES;
				CLANG_WARN_INT_CONVERSION = YES;
				CLANG_WARN_OBJC_ROOT_CLASS = YES_ERROR;
				CLANG_WARN__DUPLICATE_METHOD_MATCH = YES;
				"CODE_SIGN_IDENTITY[sdk=iphoneos*]" = "iPhone Developer";
				COPY_PHASE_STRIP = NO;
				GCC_C_LANGUAGE_STANDARD = gnu99;
				GCC_DYNAMIC_NO_PIC = NO;
				GCC_OPTIMIZATION_LEVEL = 0;
				GCC_PREPROCESSOR_DEFINITIONS = (
					"DEBUG=1",
					"$(inherited)",
				);
				GCC_SYMBOLS_PRIVATE_EXTERN = NO;
				GCC_WARN_64_TO_32_BIT_CONVERSION = YES;
				GCC_WARN_ABOUT_RETURN_TYPE = YES_ERROR;
				GCC_WARN_UNDECLARED_SELECTOR = YES;
				GCC_WARN_UNINITIALIZED_AUTOS = YES_AGGRESSIVE;
				GCC_WARN_UNUSED_FUNCTION = YES;
				GCC_WARN_UNUSED_VARIABLE = YES;
				IPHONEOS_DEPLOYMENT_TARGET = 7.1;
				ONLY_ACTIVE_ARCH = YES;
				SDKROOT = iphoneos;
			};
			name = Debug;
		};
		B19C50E119ABC95E003B2C11 /* Release */ = {
			isa = XCBuildConfiguration;
			buildSettings = {
				ALWAYS_SEARCH_USER_PATHS = NO;
				CLANG_CXX_LANGUAGE_STANDARD = "gnu++0x";
				CLANG_CXX_LIBRARY = "libc++";
				CLANG_ENABLE_MODULES = YES;
				CLANG_ENABLE_OBJC_ARC = YES;
				CLANG_WARN_BOOL_CONVERSION = YES;
				CLANG_WARN_CONSTANT_CONVERSION = YES;
				CLANG_WARN_DIRECT_OBJC_ISA_USAGE = YES_ERROR;
				CLANG_WARN_EMPTY_BODY = YES;
				CLANG_WARN_ENUM_CONVERSION = YES;
				CLANG_WARN_INT_CONVERSION = YES;
				CLANG_WARN_OBJC_ROOT_CLASS = YES_ERROR;
				CLANG_WARN__DUPLICATE_METHOD_MATCH = YES;
				"CODE_SIGN_IDENTITY[sdk=iphoneos*]" = "iPhone Developer";
				COPY_PHASE_STRIP = YES;
				ENABLE_NS_ASSERTIONS = NO;
				GCC_C_LANGUAGE_STANDARD = gnu99;
				GCC_WARN_64_TO_32_BIT_CONVERSION = YES;
				GCC_WARN_ABOUT_RETURN_TYPE = YES_ERROR;
				GCC_WARN_UNDECLARED_SELECTOR = YES;
				GCC_WARN_UNINITIALIZED_AUTOS = YES_AGGRESSIVE;
				GCC_WARN_UNUSED_FUNCTION = YES;
				GCC_WARN_UNUSED_VARIABLE = YES;
				IPHONEOS_DEPLOYMENT_TARGET = 7.1;
				SDKROOT = iphoneos;
				VALIDATE_PRODUCT = YES;
			};
			name = Release;
		};
		B19C50E319ABC95E003B2C11 /* Debug */ = {
			isa = XCBuildConfiguration;
			buildSettings = {
				ASSETCATALOG_COMPILER_APPICON_NAME = AppIcon;
				ASSETCATALOG_COMPILER_LAUNCHIMAGE_NAME = LaunchImage;
				GCC_PRECOMPILE_PREFIX_HEADER = YES;
				GCC_PREFIX_HEADER = "PNRadialMenu/PNRadialMenu-Prefix.pch";
				INFOPLIST_FILE = "PNRadialMenu/PNRadialMenu-Info.plist";
				PRODUCT_NAME = "$(TARGET_NAME)";
				WRAPPER_EXTENSION = app;
			};
			name = Debug;
		};
		B19C50E419ABC95E003B2C11 /* Release */ = {
			isa = XCBuildConfiguration;
			buildSettings = {
				ASSETCATALOG_COMPILER_APPICON_NAME = AppIcon;
				ASSETCATALOG_COMPILER_LAUNCHIMAGE_NAME = LaunchImage;
				GCC_PRECOMPILE_PREFIX_HEADER = YES;
				GCC_PREFIX_HEADER = "PNRadialMenu/PNRadialMenu-Prefix.pch";
				INFOPLIST_FILE = "PNRadialMenu/PNRadialMenu-Info.plist";
				PRODUCT_NAME = "$(TARGET_NAME)";
				WRAPPER_EXTENSION = app;
			};
			name = Release;
		};
		B19C50E619ABC95E003B2C11 /* Debug */ = {
			isa = XCBuildConfiguration;
			buildSettings = {
				BUNDLE_LOADER = "$(BUILT_PRODUCTS_DIR)/PNRadialMenu.app/PNRadialMenu";
				FRAMEWORK_SEARCH_PATHS = (
					"$(SDKROOT)/Developer/Library/Frameworks",
					"$(inherited)",
					"$(DEVELOPER_FRAMEWORKS_DIR)",
				);
				GCC_PRECOMPILE_PREFIX_HEADER = YES;
				GCC_PREFIX_HEADER = "PNRadialMenu/PNRadialMenu-Prefix.pch";
				GCC_PREPROCESSOR_DEFINITIONS = (
					"DEBUG=1",
					"$(inherited)",
				);
				INFOPLIST_FILE = "PNRadialMenuTests/PNRadialMenuTests-Info.plist";
				PRODUCT_NAME = "$(TARGET_NAME)";
				TEST_HOST = "$(BUNDLE_LOADER)";
				WRAPPER_EXTENSION = xctest;
			};
			name = Debug;
		};
		B19C50E719ABC95E003B2C11 /* Release */ = {
			isa = XCBuildConfiguration;
			buildSettings = {
				BUNDLE_LOADER = "$(BUILT_PRODUCTS_DIR)/PNRadialMenu.app/PNRadialMenu";
				FRAMEWORK_SEARCH_PATHS = (
					"$(SDKROOT)/Developer/Library/Frameworks",
					"$(inherited)",
					"$(DEVELOPER_FRAMEWORKS_DIR)",
				);
				GCC_PRECOMPILE_PREFIX_HEADER = YES;
				GCC_PREFIX_HEADER = "PNRadialMenu/PNRadialMenu-Prefix.pch";
				INFOPLIST_FILE = "PNRadialMenuTests/PNRadialMenuTests-Info.plist";
				PRODUCT_NAME = "$(TARGET_NAME)";
				TEST_HOST = "$(BUNDLE_LOADER)";
				WRAPPER_EXTENSION = xctest;
			};
			name = Release;
		};
/* End XCBuildConfiguration section */

/* Begin XCConfigurationList section */
		B19C50AB19ABC95E003B2C11 /* Build configuration list for PBXProject "PNRadialMenu" */ = {
			isa = XCConfigurationList;
			buildConfigurations = (
				B19C50E019ABC95E003B2C11 /* Debug */,
				B19C50E119ABC95E003B2C11 /* Release */,
			);
			defaultConfigurationIsVisible = 0;
			defaultConfigurationName = Release;
		};
		B19C50E219ABC95E003B2C11 /* Build configuration list for PBXNativeTarget "PNRadialMenu" */ = {
			isa = XCConfigurationList;
			buildConfigurations = (
				B19C50E319ABC95E003B2C11 /* Debug */,
				B19C50E419ABC95E003B2C11 /* Release */,
			);
			defaultConfigurationIsVisible = 0;
			defaultConfigurationName = Release;
		};
		B19C50E519ABC95E003B2C11 /* Build configuration list for PBXNativeTarget "PNRadialMenuTests" */ = {
			isa = XCConfigurationList;
			buildConfigurations = (
				B19C50E619ABC95E003B2C11 /* Debug */,
				B19C50E719ABC95E003B2C11 /* Release */,
			);
			defaultConfigurationIsVisible = 0;
			defaultConfigurationName = Release;
		};
/* End XCConfigurationList section */
	};
	rootObject = B19C50A819ABC95E003B2C11 /* Project object */;
}
